
Microsoft Visual Studio Solution File, Format Version 12.00
# Visual Studio Version 17
VisualStudioVersion = 17.5.33103.201
MinimumVisualStudioVersion = 10.0.40219.1
Project("{FAE04EC0-301F-11D3-BF4B-00C04F79EFBC}") = "ElvUIUpdater", "ElvUIUpdater\ElvUIUpdater.csproj", "{4C3D7FE6-5879-4217-889F-21197F597AC0}"
EndProject
Global
	GlobalSection(SolutionConfigurationPlatforms) = preSolution
		Debug|Any CPU = Debug|Any CPU
		Release|Any CPU = Release|Any CPU
	EndGlobalSection
	GlobalSection(ProjectConfigurationPlatforms) = postSolution
		{4C3D7FE6-5879-4217-889F-21197F597AC0}.Debug|Any CPU.ActiveCfg = Debug|Any CPU
		{4C3D7FE6-5879-4217-889F-21197F597AC0}.Debug|Any CPU.Build.0 = Debug|Any CPU
		{4C3D7FE6-5879-4217-889F-21197F597AC0}.Release|Any CPU.ActiveCfg = Release|Any CPU
		{4C3D7FE6-5879-4217-889F-21197F597AC0}.Release|Any CPU.Build.0 = Release|Any CPU
	EndGlobalSection
	GlobalSection(SolutionProperties) = preSolution
		HideSolutionNode = FALSE
	EndGlobalSection
	GlobalSection(ExtensibilityGlobals) = postSolution
		SolutionGuid = {5FE5C140-613A-4D34-B719-A37CDF96E7DD}
	EndGlobalSection
EndGlobal
